
Microsoft Visual Studio Solution File, Format Version 12.00
# Visual Studio Version 17
VisualStudioVersion = 17.12.35527.113 d17.12
MinimumVisualStudioVersion = 10.0.40219.1
Project("{FAE04EC0-301F-11D3-BF4B-00C04F79EFBC}") = "ADLX_Probe", "ADLX_Probe.csproj", "{FCD4B4E4-DCFD-4800-9AD2-C3726B6721AF}"
EndProject
Global
	GlobalSection(SolutionConfigurationPlatforms) = preSolution
		Debug|Any CPU = Debug|Any CPU
		Release|Any CPU = Release|Any CPU
	EndGlobalSection
	GlobalSection(ProjectConfigurationPlatforms) = postSolution
		{FCD4B4E4-DCFD-4800-9AD2-C3726B6721AF}.Debug|Any CPU.ActiveCfg = Debug|Any CPU
		{FCD4B4E4-DCFD-4800-9AD2-C3726B6721AF}.Debug|Any CPU.Build.0 = Debug|Any CPU
		{FCD4B4E4-DCFD-4800-9AD2-C3726B6721AF}.Release|Any CPU.ActiveCfg = Release|Any CPU
		{FCD4B4E4-DCFD-4800-9AD2-C3726B6721AF}.Release|Any CPU.Build.0 = Release|Any CPU
	EndGlobalSection
	GlobalSection(SolutionProperties) = preSolution
		HideSolutionNode = FALSE
	EndGlobalSection
EndGlobal
